
Microsoft Visual Studio Solution File, Format Version 12.00
# Visual Studio Version 17
VisualStudioVersion = 17.10.34707.107
MinimumVisualStudioVersion = 10.0.40219.1
Project("{FAE04EC0-301F-11D3-BF4B-00C04F79EFBC}") = "Lab3_4", "Lab3_4\Lab3_4.csproj", "{BD7E99C1-6A07-48C6-9CDD-9951D2CF34AB}"
EndProject
Global
	GlobalSection(SolutionConfigurationPlatforms) = preSolution
		Debug|Any CPU = Debug|Any CPU
		Release|Any CPU = Release|Any CPU
	EndGlobalSection
	GlobalSection(ProjectConfigurationPlatforms) = postSolution
		{BD7E99C1-6A07-48C6-9CDD-9951D2CF34AB}.Debug|Any CPU.ActiveCfg = Debug|Any CPU
		{BD7E99C1-6A07-48C6-9CDD-9951D2CF34AB}.Debug|Any CPU.Build.0 = Debug|Any CPU
		{BD7E99C1-6A07-48C6-9CDD-9951D2CF34AB}.Release|Any CPU.ActiveCfg = Release|Any CPU
		{BD7E99C1-6A07-48C6-9CDD-9951D2CF34AB}.Release|Any CPU.Build.0 = Release|Any CPU
	EndGlobalSection
	GlobalSection(SolutionProperties) = preSolution
		HideSolutionNode = FALSE
	EndGlobalSection
	GlobalSection(ExtensibilityGlobals) = postSolution
		SolutionGuid = {D2B99496-6DF2-4F88-B2F3-C81B7AB23FB8}
	EndGlobalSection
EndGlobal
